
Microsoft Visual Studio Solution File, Format Version 12.00
# Visual Studio Version 17
VisualStudioVersion = 17.9.34622.214
MinimumVisualStudioVersion = 10.0.40219.1
Project("{FAE04EC0-301F-11D3-BF4B-00C04F79EFBC}") = "Minesweeper", "Minesweeper\Minesweeper.csproj", "{A765B9C6-2F37-4582-B509-F8986305A37E}"
EndProject
Global
	GlobalSection(SolutionConfigurationPlatforms) = preSolution
		Debug|Any CPU = Debug|Any CPU
		Release|Any CPU = Release|Any CPU
	EndGlobalSection
	GlobalSection(ProjectConfigurationPlatforms) = postSolution
		{A765B9C6-2F37-4582-B509-F8986305A37E}.Debug|Any CPU.ActiveCfg = Debug|Any CPU
		{A765B9C6-2F37-4582-B509-F8986305A37E}.Debug|Any CPU.Build.0 = Debug|Any CPU
		{A765B9C6-2F37-4582-B509-F8986305A37E}.Release|Any CPU.ActiveCfg = Release|Any CPU
		{A765B9C6-2F37-4582-B509-F8986305A37E}.Release|Any CPU.Build.0 = Release|Any CPU
	EndGlobalSection
	GlobalSection(SolutionProperties) = preSolution
		HideSolutionNode = FALSE
	EndGlobalSection
	GlobalSection(ExtensibilityGlobals) = postSolution
		SolutionGuid = {E7D002F0-A7F3-4657-89DA-B66D3DD9A0B6}
	EndGlobalSection
EndGlobal
